
Microsoft Visual Studio Solution File, Format Version 12.00
# Visual Studio Version 17
VisualStudioVersion = 17.2.32630.192
MinimumVisualStudioVersion = 10.0.40219.1
Project("{FAE04EC0-301F-11D3-BF4B-00C04F79EFBC}") = "Projekt", "Projekt\Projekt.csproj", "{A5F976C7-41A1-4075-9419-C7E1ED6A05AB}"
EndProject
Global
	GlobalSection(SolutionConfigurationPlatforms) = preSolution
		Debug|Any CPU = Debug|Any CPU
		Release|Any CPU = Release|Any CPU
	EndGlobalSection
	GlobalSection(ProjectConfigurationPlatforms) = postSolution
		{A5F976C7-41A1-4075-9419-C7E1ED6A05AB}.Debug|Any CPU.ActiveCfg = Debug|Any CPU
		{A5F976C7-41A1-4075-9419-C7E1ED6A05AB}.Debug|Any CPU.Build.0 = Debug|Any CPU
		{A5F976C7-41A1-4075-9419-C7E1ED6A05AB}.Release|Any CPU.ActiveCfg = Release|Any CPU
		{A5F976C7-41A1-4075-9419-C7E1ED6A05AB}.Release|Any CPU.Build.0 = Release|Any CPU
	EndGlobalSection
	GlobalSection(SolutionProperties) = preSolution
		HideSolutionNode = FALSE
	EndGlobalSection
	GlobalSection(ExtensibilityGlobals) = postSolution
		SolutionGuid = {CB6AE8C6-B769-4A75-A980-0B3390BD1A3C}
	EndGlobalSection
EndGlobal
